
Microsoft Visual Studio Solution File, Format Version 12.00
# Visual Studio 2012
Project("{FAE04EC0-301F-11D3-BF4B-00C04F79EFBC}") = "xeniC.AnySense.Library", "..\xeniC.AnySense.Shared\xeniC.AnySense.Library\xeniC.AnySense.Library.csproj", "{5B2CEB98-0A53-4BCB-A56C-F7899D9E516C}"
EndProject
Project("{FAE04EC0-301F-11D3-BF4B-00C04F79EFBC}") = "xeniC.AnySense.KonfigurationManager", "xeniC.AnySense.KonfigurationManager\xeniC.AnySense.KonfigurationManager.csproj", "{C363C065-45C6-4267-A26A-9E2F88272648}"
EndProject
Project("{FAE04EC0-301F-11D3-BF4B-00C04F79EFBC}") = "xeniC.AnySense.Controls", "xeniC.AnySense.Controls\xeniC.AnySense.Controls.csproj", "{3CBBA0CB-2C16-4E53-B38D-80FD280C433F}"
EndProject
Global
	GlobalSection(SolutionConfigurationPlatforms) = preSolution
		Debug|Any CPU = Debug|Any CPU
		Release|Any CPU = Release|Any CPU
	EndGlobalSection
	GlobalSection(ProjectConfigurationPlatforms) = postSolution
		{5B2CEB98-0A53-4BCB-A56C-F7899D9E516C}.Debug|Any CPU.ActiveCfg = Debug|Any CPU
		{5B2CEB98-0A53-4BCB-A56C-F7899D9E516C}.Debug|Any CPU.Build.0 = Debug|Any CPU
		{5B2CEB98-0A53-4BCB-A56C-F7899D9E516C}.Release|Any CPU.ActiveCfg = Release|Any CPU
		{5B2CEB98-0A53-4BCB-A56C-F7899D9E516C}.Release|Any CPU.Build.0 = Release|Any CPU
		{C363C065-45C6-4267-A26A-9E2F88272648}.Debug|Any CPU.ActiveCfg = Debug|Any CPU
		{C363C065-45C6-4267-A26A-9E2F88272648}.Debug|Any CPU.Build.0 = Debug|Any CPU
		{C363C065-45C6-4267-A26A-9E2F88272648}.Release|Any CPU.ActiveCfg = Release|Any CPU
		{C363C065-45C6-4267-A26A-9E2F88272648}.Release|Any CPU.Build.0 = Release|Any CPU
		{3CBBA0CB-2C16-4E53-B38D-80FD280C433F}.Debug|Any CPU.ActiveCfg = Debug|Any CPU
		{3CBBA0CB-2C16-4E53-B38D-80FD280C433F}.Debug|Any CPU.Build.0 = Debug|Any CPU
		{3CBBA0CB-2C16-4E53-B38D-80FD280C433F}.Release|Any CPU.ActiveCfg = Release|Any CPU
		{3CBBA0CB-2C16-4E53-B38D-80FD280C433F}.Release|Any CPU.Build.0 = Release|Any CPU
	EndGlobalSection
	GlobalSection(SolutionProperties) = preSolution
		HideSolutionNode = FALSE
	EndGlobalSection
EndGlobal
